
Microsoft Visual Studio Solution File, Format Version 12.00
# Visual Studio Version 17
VisualStudioVersion = 17.7.34024.191
MinimumVisualStudioVersion = 10.0.40219.1
Project("{FAE04EC0-301F-11D3-BF4B-00C04F79EFBC}") = "cParsing_12306", "cParsing_12306.csproj", "{F29BC16C-BCBC-4A0F-8E3E-CC71306A7FC4}"
EndProject
Global
	GlobalSection(SolutionConfigurationPlatforms) = preSolution
		Debug|Any CPU = Debug|Any CPU
		Release|Any CPU = Release|Any CPU
	EndGlobalSection
	GlobalSection(ProjectConfigurationPlatforms) = postSolution
		{F29BC16C-BCBC-4A0F-8E3E-CC71306A7FC4}.Debug|Any CPU.ActiveCfg = Debug|Any CPU
		{F29BC16C-BCBC-4A0F-8E3E-CC71306A7FC4}.Debug|Any CPU.Build.0 = Debug|Any CPU
		{F29BC16C-BCBC-4A0F-8E3E-CC71306A7FC4}.Release|Any CPU.ActiveCfg = Release|Any CPU
		{F29BC16C-BCBC-4A0F-8E3E-CC71306A7FC4}.Release|Any CPU.Build.0 = Release|Any CPU
	EndGlobalSection
	GlobalSection(SolutionProperties) = preSolution
		HideSolutionNode = FALSE
	EndGlobalSection
	GlobalSection(ExtensibilityGlobals) = postSolution
		SolutionGuid = {683555F8-9EE2-476D-88E6-FBB2EE5B2669}
	EndGlobalSection
EndGlobal
